<Solution>
  <Folder Name="/src/">
    <Project Path="src/TheTinyApplicationLayer.Application/TheTinyApplicationLayer.Application.csproj" />
    <Project Path="src/TheTinyApplicationLayer.Infrastructure/TheTinyApplicationLayer.Infrastructure.csproj" />
    <Project Path="src/TheTinyApplicationLayer.Web/TheTinyApplicationLayer.Web.csproj" />
  </Folder>
  <Folder Name="/tests/">
    <Project Path="tests/TheTinyApplicationLayer.Tests/TheTinyApplicationLayer.Tests.csproj" />
  </Folder>
</Solution>
